
Microsoft Visual Studio Solution File, Format Version 12.00
# Visual Studio 15
VisualStudioVersion = 15.0.27428.2002
MinimumVisualStudioVersion = 10.0.40219.1
Project("{FAE04EC0-301F-11D3-BF4B-00C04F79EFBC}") = "custom", "custom\custom.csproj", "{FA9C78EB-A910-43A0-9C1F-67C73A4BB850}"
EndProject
Global
	GlobalSection(SolutionConfigurationPlatforms) = preSolution
		Debug|Any CPU = Debug|Any CPU
		Release|Any CPU = Release|Any CPU
	EndGlobalSection
	GlobalSection(ProjectConfigurationPlatforms) = postSolution
		{FA9C78EB-A910-43A0-9C1F-67C73A4BB850}.Debug|Any CPU.ActiveCfg = Debug|Any CPU
		{FA9C78EB-A910-43A0-9C1F-67C73A4BB850}.Debug|Any CPU.Build.0 = Debug|Any CPU
		{FA9C78EB-A910-43A0-9C1F-67C73A4BB850}.Release|Any CPU.ActiveCfg = Release|Any CPU
		{FA9C78EB-A910-43A0-9C1F-67C73A4BB850}.Release|Any CPU.Build.0 = Release|Any CPU
	EndGlobalSection
	GlobalSection(SolutionProperties) = preSolution
		HideSolutionNode = FALSE
	EndGlobalSection
	GlobalSection(ExtensibilityGlobals) = postSolution
		SolutionGuid = {139B7CAD-0B71-4EFB-92A0-E00A33CE4603}
	EndGlobalSection
EndGlobal
