
Microsoft Visual Studio Solution File, Format Version 12.00
# Visual Studio 15
VisualStudioVersion = 15.0.27428.2002
MinimumVisualStudioVersion = 10.0.40219.1
Project("{FAE04EC0-301F-11D3-BF4B-00C04F79EFBC}") = "ArrayIndexer", "ArrayIndexer\ArrayIndexer.csproj", "{50EFF70A-EB64-4F13-ABA8-5217B5A88C87}"
EndProject
Global
	GlobalSection(SolutionConfigurationPlatforms) = preSolution
		Debug|Any CPU = Debug|Any CPU
		Release|Any CPU = Release|Any CPU
	EndGlobalSection
	GlobalSection(ProjectConfigurationPlatforms) = postSolution
		{50EFF70A-EB64-4F13-ABA8-5217B5A88C87}.Debug|Any CPU.ActiveCfg = Debug|Any CPU
		{50EFF70A-EB64-4F13-ABA8-5217B5A88C87}.Debug|Any CPU.Build.0 = Debug|Any CPU
		{50EFF70A-EB64-4F13-ABA8-5217B5A88C87}.Release|Any CPU.ActiveCfg = Release|Any CPU
		{50EFF70A-EB64-4F13-ABA8-5217B5A88C87}.Release|Any CPU.Build.0 = Release|Any CPU
	EndGlobalSection
	GlobalSection(SolutionProperties) = preSolution
		HideSolutionNode = FALSE
	EndGlobalSection
	GlobalSection(ExtensibilityGlobals) = postSolution
		SolutionGuid = {FC7F586A-3D61-4D6D-BF44-506FF3A18A86}
	EndGlobalSection
EndGlobal
