
Microsoft Visual Studio Solution File, Format Version 12.00
# Visual Studio 15
VisualStudioVersion = 15.0.27428.2002
MinimumVisualStudioVersion = 10.0.40219.1
Project("{FAE04EC0-301F-11D3-BF4B-00C04F79EFBC}") = "Inherit3_1", "Inherit3_1\Inherit3_1.csproj", "{47438DD0-93FB-48DE-8552-0039538D5A61}"
EndProject
Project("{FAE04EC0-301F-11D3-BF4B-00C04F79EFBC}") = "MyLib", "MyLib\MyLib.csproj", "{018F0F96-9C22-4D98-8FDC-DAB58948681D}"
EndProject
Global
	GlobalSection(SolutionConfigurationPlatforms) = preSolution
		Debug|Any CPU = Debug|Any CPU
		Release|Any CPU = Release|Any CPU
	EndGlobalSection
	GlobalSection(ProjectConfigurationPlatforms) = postSolution
		{47438DD0-93FB-48DE-8552-0039538D5A61}.Debug|Any CPU.ActiveCfg = Debug|Any CPU
		{47438DD0-93FB-48DE-8552-0039538D5A61}.Debug|Any CPU.Build.0 = Debug|Any CPU
		{47438DD0-93FB-48DE-8552-0039538D5A61}.Release|Any CPU.ActiveCfg = Release|Any CPU
		{47438DD0-93FB-48DE-8552-0039538D5A61}.Release|Any CPU.Build.0 = Release|Any CPU
		{018F0F96-9C22-4D98-8FDC-DAB58948681D}.Debug|Any CPU.ActiveCfg = Debug|Any CPU
		{018F0F96-9C22-4D98-8FDC-DAB58948681D}.Debug|Any CPU.Build.0 = Debug|Any CPU
		{018F0F96-9C22-4D98-8FDC-DAB58948681D}.Release|Any CPU.ActiveCfg = Release|Any CPU
		{018F0F96-9C22-4D98-8FDC-DAB58948681D}.Release|Any CPU.Build.0 = Release|Any CPU
	EndGlobalSection
	GlobalSection(SolutionProperties) = preSolution
		HideSolutionNode = FALSE
	EndGlobalSection
	GlobalSection(ExtensibilityGlobals) = postSolution
		SolutionGuid = {D992DEFF-F75A-40D1-B406-397C12DF3C49}
	EndGlobalSection
EndGlobal
