
Microsoft Visual Studio Solution File, Format Version 12.00
# Visual Studio 15
VisualStudioVersion = 15.0.27428.2002
MinimumVisualStudioVersion = 10.0.40219.1
Project("{FAE04EC0-301F-11D3-BF4B-00C04F79EFBC}") = "TryParse", "TryParse\TryParse.csproj", "{D583D220-B652-43B2-B87D-22180CC82306}"
EndProject
Global
	GlobalSection(SolutionConfigurationPlatforms) = preSolution
		Debug|Any CPU = Debug|Any CPU
		Release|Any CPU = Release|Any CPU
	EndGlobalSection
	GlobalSection(ProjectConfigurationPlatforms) = postSolution
		{D583D220-B652-43B2-B87D-22180CC82306}.Debug|Any CPU.ActiveCfg = Debug|Any CPU
		{D583D220-B652-43B2-B87D-22180CC82306}.Debug|Any CPU.Build.0 = Debug|Any CPU
		{D583D220-B652-43B2-B87D-22180CC82306}.Release|Any CPU.ActiveCfg = Release|Any CPU
		{D583D220-B652-43B2-B87D-22180CC82306}.Release|Any CPU.Build.0 = Release|Any CPU
	EndGlobalSection
	GlobalSection(SolutionProperties) = preSolution
		HideSolutionNode = FALSE
	EndGlobalSection
	GlobalSection(ExtensibilityGlobals) = postSolution
		SolutionGuid = {4CEA85C3-A5BD-48DA-AE54-FECE00E4F596}
	EndGlobalSection
EndGlobal
