
Microsoft Visual Studio Solution File, Format Version 12.00
# Visual Studio 15
VisualStudioVersion = 15.0.27428.2002
MinimumVisualStudioVersion = 10.0.40219.1
Project("{FAE04EC0-301F-11D3-BF4B-00C04F79EFBC}") = "Interface3_1", "Interface3_1\Interface3_1.csproj", "{EB6843F6-6BE4-49B6-A3DB-5A7CEF0F3768}"
EndProject
Global
	GlobalSection(SolutionConfigurationPlatforms) = preSolution
		Debug|Any CPU = Debug|Any CPU
		Release|Any CPU = Release|Any CPU
	EndGlobalSection
	GlobalSection(ProjectConfigurationPlatforms) = postSolution
		{EB6843F6-6BE4-49B6-A3DB-5A7CEF0F3768}.Debug|Any CPU.ActiveCfg = Debug|Any CPU
		{EB6843F6-6BE4-49B6-A3DB-5A7CEF0F3768}.Debug|Any CPU.Build.0 = Debug|Any CPU
		{EB6843F6-6BE4-49B6-A3DB-5A7CEF0F3768}.Release|Any CPU.ActiveCfg = Release|Any CPU
		{EB6843F6-6BE4-49B6-A3DB-5A7CEF0F3768}.Release|Any CPU.Build.0 = Release|Any CPU
	EndGlobalSection
	GlobalSection(SolutionProperties) = preSolution
		HideSolutionNode = FALSE
	EndGlobalSection
	GlobalSection(ExtensibilityGlobals) = postSolution
		SolutionGuid = {CB891822-DAE8-4EE9-AFC0-7B29DC2BADB0}
	EndGlobalSection
EndGlobal
