
Microsoft Visual Studio Solution File, Format Version 12.00
# Visual Studio 15
VisualStudioVersion = 15.0.27428.2002
MinimumVisualStudioVersion = 10.0.40219.1
Project("{FAE04EC0-301F-11D3-BF4B-00C04F79EFBC}") = "Interface1_2", "Interface1_2\Interface1_2.csproj", "{C4D3A53B-F10B-4E12-AABD-E2E66F663FB2}"
EndProject
Global
	GlobalSection(SolutionConfigurationPlatforms) = preSolution
		Debug|Any CPU = Debug|Any CPU
		Release|Any CPU = Release|Any CPU
	EndGlobalSection
	GlobalSection(ProjectConfigurationPlatforms) = postSolution
		{C4D3A53B-F10B-4E12-AABD-E2E66F663FB2}.Debug|Any CPU.ActiveCfg = Debug|Any CPU
		{C4D3A53B-F10B-4E12-AABD-E2E66F663FB2}.Debug|Any CPU.Build.0 = Debug|Any CPU
		{C4D3A53B-F10B-4E12-AABD-E2E66F663FB2}.Release|Any CPU.ActiveCfg = Release|Any CPU
		{C4D3A53B-F10B-4E12-AABD-E2E66F663FB2}.Release|Any CPU.Build.0 = Release|Any CPU
	EndGlobalSection
	GlobalSection(SolutionProperties) = preSolution
		HideSolutionNode = FALSE
	EndGlobalSection
	GlobalSection(ExtensibilityGlobals) = postSolution
		SolutionGuid = {0C6B01C6-B316-4592-854E-0889731DC08A}
	EndGlobalSection
EndGlobal
