
Microsoft Visual Studio Solution File, Format Version 12.00
# Visual Studio 15
VisualStudioVersion = 15.0.27428.2002
MinimumVisualStudioVersion = 10.0.40219.1
Project("{FAE04EC0-301F-11D3-BF4B-00C04F79EFBC}") = "WhatIsEvent6", "WhatIsEvent6\WhatIsEvent6.csproj", "{347DC1F2-AA75-41B6-B032-59E1CA09E14F}"
EndProject
Global
	GlobalSection(SolutionConfigurationPlatforms) = preSolution
		Debug|Any CPU = Debug|Any CPU
		Release|Any CPU = Release|Any CPU
	EndGlobalSection
	GlobalSection(ProjectConfigurationPlatforms) = postSolution
		{347DC1F2-AA75-41B6-B032-59E1CA09E14F}.Debug|Any CPU.ActiveCfg = Debug|Any CPU
		{347DC1F2-AA75-41B6-B032-59E1CA09E14F}.Debug|Any CPU.Build.0 = Debug|Any CPU
		{347DC1F2-AA75-41B6-B032-59E1CA09E14F}.Release|Any CPU.ActiveCfg = Release|Any CPU
		{347DC1F2-AA75-41B6-B032-59E1CA09E14F}.Release|Any CPU.Build.0 = Release|Any CPU
	EndGlobalSection
	GlobalSection(SolutionProperties) = preSolution
		HideSolutionNode = FALSE
	EndGlobalSection
	GlobalSection(ExtensibilityGlobals) = postSolution
		SolutionGuid = {7F798002-4E54-48D8-BB3D-D5CE5BC1FC68}
	EndGlobalSection
EndGlobal
