
Microsoft Visual Studio Solution File, Format Version 12.00
# Visual Studio 15
VisualStudioVersion = 15.0.27428.2002
MinimumVisualStudioVersion = 10.0.40219.1
Project("{FAE04EC0-301F-11D3-BF4B-00C04F79EFBC}") = "Convert", "Convert\Convert.csproj", "{4AF77197-7606-43C8-9187-978EE517DA8C}"
EndProject
Global
	GlobalSection(SolutionConfigurationPlatforms) = preSolution
		Debug|Any CPU = Debug|Any CPU
		Release|Any CPU = Release|Any CPU
	EndGlobalSection
	GlobalSection(ProjectConfigurationPlatforms) = postSolution
		{4AF77197-7606-43C8-9187-978EE517DA8C}.Debug|Any CPU.ActiveCfg = Debug|Any CPU
		{4AF77197-7606-43C8-9187-978EE517DA8C}.Debug|Any CPU.Build.0 = Debug|Any CPU
		{4AF77197-7606-43C8-9187-978EE517DA8C}.Release|Any CPU.ActiveCfg = Release|Any CPU
		{4AF77197-7606-43C8-9187-978EE517DA8C}.Release|Any CPU.Build.0 = Release|Any CPU
	EndGlobalSection
	GlobalSection(SolutionProperties) = preSolution
		HideSolutionNode = FALSE
	EndGlobalSection
	GlobalSection(ExtensibilityGlobals) = postSolution
		SolutionGuid = {A62C2733-DCCB-4F8A-882C-64AF56536197}
	EndGlobalSection
EndGlobal
