
Microsoft Visual Studio Solution File, Format Version 12.00
# Visual Studio 15
VisualStudioVersion = 15.0.27428.2002
MinimumVisualStudioVersion = 10.0.40219.1
Project("{FAE04EC0-301F-11D3-BF4B-00C04F79EFBC}") = "for", "for\for.csproj", "{2AC4B217-C409-45D7-B4BB-D01EE75EB25B}"
EndProject
Global
	GlobalSection(SolutionConfigurationPlatforms) = preSolution
		Debug|Any CPU = Debug|Any CPU
		Release|Any CPU = Release|Any CPU
	EndGlobalSection
	GlobalSection(ProjectConfigurationPlatforms) = postSolution
		{2AC4B217-C409-45D7-B4BB-D01EE75EB25B}.Debug|Any CPU.ActiveCfg = Debug|Any CPU
		{2AC4B217-C409-45D7-B4BB-D01EE75EB25B}.Debug|Any CPU.Build.0 = Debug|Any CPU
		{2AC4B217-C409-45D7-B4BB-D01EE75EB25B}.Release|Any CPU.ActiveCfg = Release|Any CPU
		{2AC4B217-C409-45D7-B4BB-D01EE75EB25B}.Release|Any CPU.Build.0 = Release|Any CPU
	EndGlobalSection
	GlobalSection(SolutionProperties) = preSolution
		HideSolutionNode = FALSE
	EndGlobalSection
	GlobalSection(ExtensibilityGlobals) = postSolution
		SolutionGuid = {0EA5E64B-85FC-4F56-963F-4E76538A870C}
	EndGlobalSection
EndGlobal
