
Microsoft Visual Studio Solution File, Format Version 12.00
# Visual Studio 15
VisualStudioVersion = 15.0.27428.2002
MinimumVisualStudioVersion = 10.0.40219.1
Project("{FAE04EC0-301F-11D3-BF4B-00C04F79EFBC}") = "Interface3_2", "Interface3_2\Interface3_2.csproj", "{3DD91BA4-3579-456C-9FD6-E01528F2F2C3}"
EndProject
Project("{FAE04EC0-301F-11D3-BF4B-00C04F79EFBC}") = "Interface3_2.Test", "Interface3_2.Test\Interface3_2.Test.csproj", "{4F0914DF-C473-4E8F-A51B-9457B9B680EA}"
EndProject
Global
	GlobalSection(SolutionConfigurationPlatforms) = preSolution
		Debug|Any CPU = Debug|Any CPU
		Release|Any CPU = Release|Any CPU
	EndGlobalSection
	GlobalSection(ProjectConfigurationPlatforms) = postSolution
		{3DD91BA4-3579-456C-9FD6-E01528F2F2C3}.Debug|Any CPU.ActiveCfg = Debug|Any CPU
		{3DD91BA4-3579-456C-9FD6-E01528F2F2C3}.Debug|Any CPU.Build.0 = Debug|Any CPU
		{3DD91BA4-3579-456C-9FD6-E01528F2F2C3}.Release|Any CPU.ActiveCfg = Release|Any CPU
		{3DD91BA4-3579-456C-9FD6-E01528F2F2C3}.Release|Any CPU.Build.0 = Release|Any CPU
		{4F0914DF-C473-4E8F-A51B-9457B9B680EA}.Debug|Any CPU.ActiveCfg = Debug|Any CPU
		{4F0914DF-C473-4E8F-A51B-9457B9B680EA}.Debug|Any CPU.Build.0 = Debug|Any CPU
		{4F0914DF-C473-4E8F-A51B-9457B9B680EA}.Release|Any CPU.ActiveCfg = Release|Any CPU
		{4F0914DF-C473-4E8F-A51B-9457B9B680EA}.Release|Any CPU.Build.0 = Release|Any CPU
	EndGlobalSection
	GlobalSection(SolutionProperties) = preSolution
		HideSolutionNode = FALSE
	EndGlobalSection
	GlobalSection(ExtensibilityGlobals) = postSolution
		SolutionGuid = {CD4ED5AC-D9C4-4AB7-AC95-CCBBD659386C}
	EndGlobalSection
EndGlobal
