
Microsoft Visual Studio Solution File, Format Version 12.00
# Visual Studio 15
VisualStudioVersion = 15.0.27428.2002
MinimumVisualStudioVersion = 10.0.40219.1
Project("{FAE04EC0-301F-11D3-BF4B-00C04F79EFBC}") = "Inherit2_1", "Inherit2_1\Inherit2_1.csproj", "{23370F5C-E6B7-4744-B009-25D7B24EB2BA}"
EndProject
Global
	GlobalSection(SolutionConfigurationPlatforms) = preSolution
		Debug|Any CPU = Debug|Any CPU
		Release|Any CPU = Release|Any CPU
	EndGlobalSection
	GlobalSection(ProjectConfigurationPlatforms) = postSolution
		{23370F5C-E6B7-4744-B009-25D7B24EB2BA}.Debug|Any CPU.ActiveCfg = Debug|Any CPU
		{23370F5C-E6B7-4744-B009-25D7B24EB2BA}.Debug|Any CPU.Build.0 = Debug|Any CPU
		{23370F5C-E6B7-4744-B009-25D7B24EB2BA}.Release|Any CPU.ActiveCfg = Release|Any CPU
		{23370F5C-E6B7-4744-B009-25D7B24EB2BA}.Release|Any CPU.Build.0 = Release|Any CPU
	EndGlobalSection
	GlobalSection(SolutionProperties) = preSolution
		HideSolutionNode = FALSE
	EndGlobalSection
	GlobalSection(ExtensibilityGlobals) = postSolution
		SolutionGuid = {C755140B-C6B8-43B7-A54A-366A56905928}
	EndGlobalSection
EndGlobal
